
Microsoft Visual Studio Solution File, Format Version 12.00
# Visual Studio Version 16
VisualStudioVersion = 16.0.30002.166
MinimumVisualStudioVersion = 10.0.40219.1
Project("{FAE04EC0-301F-11D3-BF4B-00C04F79EFBC}") = "LinkedListAss3", "LinkedListAss3\LinkedListAss3.csproj", "{7A3ADBBA-A39E-411B-B4E3-B64823629E68}"
EndProject
Global
	GlobalSection(SolutionConfigurationPlatforms) = preSolution
		Debug|Any CPU = Debug|Any CPU
		Release|Any CPU = Release|Any CPU
	EndGlobalSection
	GlobalSection(ProjectConfigurationPlatforms) = postSolution
		{7A3ADBBA-A39E-411B-B4E3-B64823629E68}.Debug|Any CPU.ActiveCfg = Debug|Any CPU
		{7A3ADBBA-A39E-411B-B4E3-B64823629E68}.Debug|Any CPU.Build.0 = Debug|Any CPU
		{7A3ADBBA-A39E-411B-B4E3-B64823629E68}.Release|Any CPU.ActiveCfg = Release|Any CPU
		{7A3ADBBA-A39E-411B-B4E3-B64823629E68}.Release|Any CPU.Build.0 = Release|Any CPU
	EndGlobalSection
	GlobalSection(SolutionProperties) = preSolution
		HideSolutionNode = FALSE
	EndGlobalSection
	GlobalSection(ExtensibilityGlobals) = postSolution
		SolutionGuid = {4F4C4C3E-B46F-42E0-AB3A-0200EC16232A}
	EndGlobalSection
EndGlobal
